
Microsoft Visual Studio Solution File, Format Version 12.00
# Visual Studio 2013
VisualStudioVersion = 12.0.30110.0
MinimumVisualStudioVersion = 10.0.40219.1
Project("{FAE04EC0-301F-11D3-BF4B-00C04F79EFBC}") = "SeekU", "SeekU\SeekU.csproj", "{49194E11-51F4-4792-AF0D-32F1AA5513B4}"
EndProject
Project("{FAE04EC0-301F-11D3-BF4B-00C04F79EFBC}") = "SeekU.Tests", "SeekU.Tests\SeekU.Tests.csproj", "{F741B3E9-30E5-42B1-B137-5F3F6384A331}"
EndProject
Project("{2150E333-8FDC-42A3-9474-1A3956D46DE8}") = "Samples", "Samples", "{CB86B7C0-844A-4721-AAD0-22657BF69EBB}"
	ProjectSection(SolutionItems) = preProject
		SeekU\readme.txt = SeekU\readme.txt
	EndProjectSection
EndProject
Project("{2150E333-8FDC-42A3-9474-1A3956D46DE8}") = "Providers", "Providers", "{DFA4DDA1-7CFC-4D38-8A4D-A62EB06BD923}"
EndProject
Project("{FAE04EC0-301F-11D3-BF4B-00C04F79EFBC}") = "SeekU.Sql", "Providers\SeekU.Sql\SeekU.Sql.csproj", "{4332B0E8-6BB5-4DCE-9FDD-35A50671F44A}"
EndProject
Project("{FAE04EC0-301F-11D3-BF4B-00C04F79EFBC}") = "InMemorySample", "Samples\InMemorySample\InMemorySample.csproj", "{D4F79CC1-0996-43F1-8A91-F17C9CC5EFEA}"
EndProject
Project("{FAE04EC0-301F-11D3-BF4B-00C04F79EFBC}") = "SampleDomain", "Samples\SampleDomain\SampleDomain.csproj", "{59C62DD8-3D6B-4F24-9856-5AC9267A71CC}"
EndProject
Project("{FAE04EC0-301F-11D3-BF4B-00C04F79EFBC}") = "SqlSample", "Samples\SqlSample\SqlSample.csproj", "{DEE75473-AF9A-4439-98F2-96A21E870AE0}"
EndProject
Project("{2150E333-8FDC-42A3-9474-1A3956D46DE8}") = "NServiceBus Sample", "NServiceBus Sample", "{54D47AD1-20D9-4A44-8B45-2924931E80AF}"
	ProjectSection(SolutionItems) = preProject
		Samples\NServiceBus Sample\readme.txt = Samples\NServiceBus Sample\readme.txt
	EndProjectSection
EndProject
Project("{FAE04EC0-301F-11D3-BF4B-00C04F79EFBC}") = "NSBClientSample", "Samples\NServiceBus Sample\NSBClientSample\NSBClientSample.csproj", "{D36084A2-FDAA-4FEE-9DFB-8A608759F3FD}"
EndProject
Project("{FAE04EC0-301F-11D3-BF4B-00C04F79EFBC}") = "NSBServerSample", "Samples\NServiceBus Sample\NSBServerSample\NSBServerSample.csproj", "{C544C28B-BA40-46E0-AFF8-C8225FC2DEFF}"
EndProject
Project("{FAE04EC0-301F-11D3-BF4B-00C04F79EFBC}") = "NSBDomain", "Samples\NServiceBus Sample\NSBCommands\NSBDomain.csproj", "{073DD025-C296-44E4-B4D7-61385880E2F9}"
EndProject
Project("{2150E333-8FDC-42A3-9474-1A3956D46DE8}") = ".nuget", ".nuget", "{B7736CF2-C9D2-4599-964C-F72F8AAF377F}"
	ProjectSection(SolutionItems) = preProject
		SeekU\.nuget\NuGet.Config = SeekU\.nuget\NuGet.Config
		SeekU\.nuget\NuGet.exe = SeekU\.nuget\NuGet.exe
		SeekU\.nuget\NuGet.targets = SeekU\.nuget\NuGet.targets
	EndProjectSection
EndProject
Project("{FAE04EC0-301F-11D3-BF4B-00C04F79EFBC}") = "SeekU.FileIO", "Providers\SeekU.FileIO\SeekU.FileIO.csproj", "{FB95DDC6-7E5B-493A-BCD3-92811FB99BE2}"
EndProject
Project("{FAE04EC0-301F-11D3-BF4B-00C04F79EFBC}") = "TextFileSample", "Samples\TextFileSample\TextFileSample.csproj", "{3C57433A-FED1-45B9-BC80-2F6256D54AB8}"
EndProject
Project("{FAE04EC0-301F-11D3-BF4B-00C04F79EFBC}") = "SeekU.Azure", "Providers\SeekU.Azure\SeekU.Azure.csproj", "{5DDCFDA5-6B32-4157-A976-D7BE48607529}"
EndProject
Project("{FAE04EC0-301F-11D3-BF4B-00C04F79EFBC}") = "DependencyInjectionSamples", "Samples\DependencyInjectionSamples\DependencyInjectionSamples.csproj", "{86FBE10A-48AC-4B32-A9B2-F507E50D461A}"
EndProject
Project("{2150E333-8FDC-42A3-9474-1A3956D46DE8}") = "Azure Sample", "Azure Sample", "{27B65C1D-8103-433F-9255-E560464BCCD8}"
	ProjectSection(SolutionItems) = preProject
		Samples\Azure Sample\readme.txt = Samples\Azure Sample\readme.txt
	EndProjectSection
EndProject
Project("{FAE04EC0-301F-11D3-BF4B-00C04F79EFBC}") = "SampleWebsite", "Samples\Azure Sample\SampleWebsite\SampleWebsite.csproj", "{76721843-1238-4513-90D2-CC5747861512}"
EndProject
Project("{CC5FD16D-436D-48AD-A40C-5A424C6E3E79}") = "SampleAzureMessageProcessor", "Samples\Azure Sample\SampleAzureMessageProcessor\SampleAzureMessageProcessor.ccproj", "{F6278C9B-F1E0-4643-89D6-B5B43AD985A9}"
EndProject
Project("{FAE04EC0-301F-11D3-BF4B-00C04F79EFBC}") = "WorkerRoleQueueSample", "WorkerRoleQueueSample\WorkerRoleQueueSample.csproj", "{4545BA87-D39D-4B3E-A748-A13BA14A11FB}"
EndProject
Project("{FAE04EC0-301F-11D3-BF4B-00C04F79EFBC}") = "SeekU.StructureMap", "Providers\SeekU.StructureMap\SeekU.StructureMap.csproj", "{F4EACF40-2286-4D17-9B29-1CB8153DD9A7}"
EndProject
Project("{FAE04EC0-301F-11D3-BF4B-00C04F79EFBC}") = "SeekU.MongoDB", "Providers\SeekU.MongoDB\SeekU.MongoDB.csproj", "{AF1C448B-D76D-458E-B7F1-F93834AAE6CD}"
EndProject
Project("{FAE04EC0-301F-11D3-BF4B-00C04F79EFBC}") = "MongoDBSample", "Samples\MongoDBSample\MongoDBSample.csproj", "{087BE7E2-6FBB-48E2-AAC7-DF68D4C96E3E}"
EndProject
Global
	GlobalSection(SolutionConfigurationPlatforms) = preSolution
		Debug|Any CPU = Debug|Any CPU
		Release|Any CPU = Release|Any CPU
	EndGlobalSection
	GlobalSection(ProjectConfigurationPlatforms) = postSolution
		{49194E11-51F4-4792-AF0D-32F1AA5513B4}.Debug|Any CPU.ActiveCfg = Debug|Any CPU
		{49194E11-51F4-4792-AF0D-32F1AA5513B4}.Debug|Any CPU.Build.0 = Debug|Any CPU
		{49194E11-51F4-4792-AF0D-32F1AA5513B4}.Release|Any CPU.ActiveCfg = Release|Any CPU
		{49194E11-51F4-4792-AF0D-32F1AA5513B4}.Release|Any CPU.Build.0 = Release|Any CPU
		{F741B3E9-30E5-42B1-B137-5F3F6384A331}.Debug|Any CPU.ActiveCfg = Debug|Any CPU
		{F741B3E9-30E5-42B1-B137-5F3F6384A331}.Debug|Any CPU.Build.0 = Debug|Any CPU
		{F741B3E9-30E5-42B1-B137-5F3F6384A331}.Release|Any CPU.ActiveCfg = Release|Any CPU
		{F741B3E9-30E5-42B1-B137-5F3F6384A331}.Release|Any CPU.Build.0 = Release|Any CPU
		{4332B0E8-6BB5-4DCE-9FDD-35A50671F44A}.Debug|Any CPU.ActiveCfg = Debug|Any CPU
		{4332B0E8-6BB5-4DCE-9FDD-35A50671F44A}.Debug|Any CPU.Build.0 = Debug|Any CPU
		{4332B0E8-6BB5-4DCE-9FDD-35A50671F44A}.Release|Any CPU.ActiveCfg = Release|Any CPU
		{4332B0E8-6BB5-4DCE-9FDD-35A50671F44A}.Release|Any CPU.Build.0 = Release|Any CPU
		{D4F79CC1-0996-43F1-8A91-F17C9CC5EFEA}.Debug|Any CPU.ActiveCfg = Debug|Any CPU
		{D4F79CC1-0996-43F1-8A91-F17C9CC5EFEA}.Debug|Any CPU.Build.0 = Debug|Any CPU
		{D4F79CC1-0996-43F1-8A91-F17C9CC5EFEA}.Release|Any CPU.ActiveCfg = Release|Any CPU
		{D4F79CC1-0996-43F1-8A91-F17C9CC5EFEA}.Release|Any CPU.Build.0 = Release|Any CPU
		{59C62DD8-3D6B-4F24-9856-5AC9267A71CC}.Debug|Any CPU.ActiveCfg = Debug|Any CPU
		{59C62DD8-3D6B-4F24-9856-5AC9267A71CC}.Debug|Any CPU.Build.0 = Debug|Any CPU
		{59C62DD8-3D6B-4F24-9856-5AC9267A71CC}.Release|Any CPU.ActiveCfg = Release|Any CPU
		{59C62DD8-3D6B-4F24-9856-5AC9267A71CC}.Release|Any CPU.Build.0 = Release|Any CPU
		{DEE75473-AF9A-4439-98F2-96A21E870AE0}.Debug|Any CPU.ActiveCfg = Debug|Any CPU
		{DEE75473-AF9A-4439-98F2-96A21E870AE0}.Debug|Any CPU.Build.0 = Debug|Any CPU
		{DEE75473-AF9A-4439-98F2-96A21E870AE0}.Release|Any CPU.ActiveCfg = Release|Any CPU
		{DEE75473-AF9A-4439-98F2-96A21E870AE0}.Release|Any CPU.Build.0 = Release|Any CPU
		{D36084A2-FDAA-4FEE-9DFB-8A608759F3FD}.Debug|Any CPU.ActiveCfg = Debug|Any CPU
		{D36084A2-FDAA-4FEE-9DFB-8A608759F3FD}.Debug|Any CPU.Build.0 = Debug|Any CPU
		{D36084A2-FDAA-4FEE-9DFB-8A608759F3FD}.Release|Any CPU.ActiveCfg = Release|Any CPU
		{D36084A2-FDAA-4FEE-9DFB-8A608759F3FD}.Release|Any CPU.Build.0 = Release|Any CPU
		{C544C28B-BA40-46E0-AFF8-C8225FC2DEFF}.Debug|Any CPU.ActiveCfg = Debug|Any CPU
		{C544C28B-BA40-46E0-AFF8-C8225FC2DEFF}.Debug|Any CPU.Build.0 = Debug|Any CPU
		{C544C28B-BA40-46E0-AFF8-C8225FC2DEFF}.Release|Any CPU.ActiveCfg = Release|Any CPU
		{C544C28B-BA40-46E0-AFF8-C8225FC2DEFF}.Release|Any CPU.Build.0 = Release|Any CPU
		{073DD025-C296-44E4-B4D7-61385880E2F9}.Debug|Any CPU.ActiveCfg = Debug|Any CPU
		{073DD025-C296-44E4-B4D7-61385880E2F9}.Debug|Any CPU.Build.0 = Debug|Any CPU
		{073DD025-C296-44E4-B4D7-61385880E2F9}.Release|Any CPU.ActiveCfg = Release|Any CPU
		{073DD025-C296-44E4-B4D7-61385880E2F9}.Release|Any CPU.Build.0 = Release|Any CPU
		{FB95DDC6-7E5B-493A-BCD3-92811FB99BE2}.Debug|Any CPU.ActiveCfg = Debug|Any CPU
		{FB95DDC6-7E5B-493A-BCD3-92811FB99BE2}.Debug|Any CPU.Build.0 = Debug|Any CPU
		{FB95DDC6-7E5B-493A-BCD3-92811FB99BE2}.Release|Any CPU.ActiveCfg = Release|Any CPU
		{FB95DDC6-7E5B-493A-BCD3-92811FB99BE2}.Release|Any CPU.Build.0 = Release|Any CPU
		{3C57433A-FED1-45B9-BC80-2F6256D54AB8}.Debug|Any CPU.ActiveCfg = Debug|Any CPU
		{3C57433A-FED1-45B9-BC80-2F6256D54AB8}.Debug|Any CPU.Build.0 = Debug|Any CPU
		{3C57433A-FED1-45B9-BC80-2F6256D54AB8}.Release|Any CPU.ActiveCfg = Release|Any CPU
		{3C57433A-FED1-45B9-BC80-2F6256D54AB8}.Release|Any CPU.Build.0 = Release|Any CPU
		{5DDCFDA5-6B32-4157-A976-D7BE48607529}.Debug|Any CPU.ActiveCfg = Debug|Any CPU
		{5DDCFDA5-6B32-4157-A976-D7BE48607529}.Debug|Any CPU.Build.0 = Debug|Any CPU
		{5DDCFDA5-6B32-4157-A976-D7BE48607529}.Release|Any CPU.ActiveCfg = Release|Any CPU
		{5DDCFDA5-6B32-4157-A976-D7BE48607529}.Release|Any CPU.Build.0 = Release|Any CPU
		{86FBE10A-48AC-4B32-A9B2-F507E50D461A}.Debug|Any CPU.ActiveCfg = Debug|Any CPU
		{86FBE10A-48AC-4B32-A9B2-F507E50D461A}.Debug|Any CPU.Build.0 = Debug|Any CPU
		{86FBE10A-48AC-4B32-A9B2-F507E50D461A}.Release|Any CPU.ActiveCfg = Release|Any CPU
		{86FBE10A-48AC-4B32-A9B2-F507E50D461A}.Release|Any CPU.Build.0 = Release|Any CPU
		{76721843-1238-4513-90D2-CC5747861512}.Debug|Any CPU.ActiveCfg = Debug|Any CPU
		{76721843-1238-4513-90D2-CC5747861512}.Debug|Any CPU.Build.0 = Debug|Any CPU
		{76721843-1238-4513-90D2-CC5747861512}.Release|Any CPU.ActiveCfg = Release|Any CPU
		{76721843-1238-4513-90D2-CC5747861512}.Release|Any CPU.Build.0 = Release|Any CPU
		{F6278C9B-F1E0-4643-89D6-B5B43AD985A9}.Debug|Any CPU.ActiveCfg = Debug|Any CPU
		{F6278C9B-F1E0-4643-89D6-B5B43AD985A9}.Debug|Any CPU.Build.0 = Debug|Any CPU
		{F6278C9B-F1E0-4643-89D6-B5B43AD985A9}.Release|Any CPU.ActiveCfg = Release|Any CPU
		{F6278C9B-F1E0-4643-89D6-B5B43AD985A9}.Release|Any CPU.Build.0 = Release|Any CPU
		{4545BA87-D39D-4B3E-A748-A13BA14A11FB}.Debug|Any CPU.ActiveCfg = Debug|Any CPU
		{4545BA87-D39D-4B3E-A748-A13BA14A11FB}.Debug|Any CPU.Build.0 = Debug|Any CPU
		{4545BA87-D39D-4B3E-A748-A13BA14A11FB}.Release|Any CPU.ActiveCfg = Release|Any CPU
		{4545BA87-D39D-4B3E-A748-A13BA14A11FB}.Release|Any CPU.Build.0 = Release|Any CPU
		{F4EACF40-2286-4D17-9B29-1CB8153DD9A7}.Debug|Any CPU.ActiveCfg = Debug|Any CPU
		{F4EACF40-2286-4D17-9B29-1CB8153DD9A7}.Debug|Any CPU.Build.0 = Debug|Any CPU
		{F4EACF40-2286-4D17-9B29-1CB8153DD9A7}.Release|Any CPU.ActiveCfg = Release|Any CPU
		{F4EACF40-2286-4D17-9B29-1CB8153DD9A7}.Release|Any CPU.Build.0 = Release|Any CPU
		{AF1C448B-D76D-458E-B7F1-F93834AAE6CD}.Debug|Any CPU.ActiveCfg = Debug|Any CPU
		{AF1C448B-D76D-458E-B7F1-F93834AAE6CD}.Debug|Any CPU.Build.0 = Debug|Any CPU
		{AF1C448B-D76D-458E-B7F1-F93834AAE6CD}.Release|Any CPU.ActiveCfg = Release|Any CPU
		{AF1C448B-D76D-458E-B7F1-F93834AAE6CD}.Release|Any CPU.Build.0 = Release|Any CPU
		{087BE7E2-6FBB-48E2-AAC7-DF68D4C96E3E}.Debug|Any CPU.ActiveCfg = Debug|Any CPU
		{087BE7E2-6FBB-48E2-AAC7-DF68D4C96E3E}.Debug|Any CPU.Build.0 = Debug|Any CPU
		{087BE7E2-6FBB-48E2-AAC7-DF68D4C96E3E}.Release|Any CPU.ActiveCfg = Release|Any CPU
		{087BE7E2-6FBB-48E2-AAC7-DF68D4C96E3E}.Release|Any CPU.Build.0 = Release|Any CPU
	EndGlobalSection
	GlobalSection(SolutionProperties) = preSolution
		HideSolutionNode = FALSE
	EndGlobalSection
	GlobalSection(NestedProjects) = preSolution
		{D4F79CC1-0996-43F1-8A91-F17C9CC5EFEA} = {CB86B7C0-844A-4721-AAD0-22657BF69EBB}
		{59C62DD8-3D6B-4F24-9856-5AC9267A71CC} = {CB86B7C0-844A-4721-AAD0-22657BF69EBB}
		{DEE75473-AF9A-4439-98F2-96A21E870AE0} = {CB86B7C0-844A-4721-AAD0-22657BF69EBB}
		{54D47AD1-20D9-4A44-8B45-2924931E80AF} = {CB86B7C0-844A-4721-AAD0-22657BF69EBB}
		{3C57433A-FED1-45B9-BC80-2F6256D54AB8} = {CB86B7C0-844A-4721-AAD0-22657BF69EBB}
		{86FBE10A-48AC-4B32-A9B2-F507E50D461A} = {CB86B7C0-844A-4721-AAD0-22657BF69EBB}
		{27B65C1D-8103-433F-9255-E560464BCCD8} = {CB86B7C0-844A-4721-AAD0-22657BF69EBB}
		{087BE7E2-6FBB-48E2-AAC7-DF68D4C96E3E} = {CB86B7C0-844A-4721-AAD0-22657BF69EBB}
		{4332B0E8-6BB5-4DCE-9FDD-35A50671F44A} = {DFA4DDA1-7CFC-4D38-8A4D-A62EB06BD923}
		{FB95DDC6-7E5B-493A-BCD3-92811FB99BE2} = {DFA4DDA1-7CFC-4D38-8A4D-A62EB06BD923}
		{5DDCFDA5-6B32-4157-A976-D7BE48607529} = {DFA4DDA1-7CFC-4D38-8A4D-A62EB06BD923}
		{F4EACF40-2286-4D17-9B29-1CB8153DD9A7} = {DFA4DDA1-7CFC-4D38-8A4D-A62EB06BD923}
		{AF1C448B-D76D-458E-B7F1-F93834AAE6CD} = {DFA4DDA1-7CFC-4D38-8A4D-A62EB06BD923}
		{D36084A2-FDAA-4FEE-9DFB-8A608759F3FD} = {54D47AD1-20D9-4A44-8B45-2924931E80AF}
		{C544C28B-BA40-46E0-AFF8-C8225FC2DEFF} = {54D47AD1-20D9-4A44-8B45-2924931E80AF}
		{073DD025-C296-44E4-B4D7-61385880E2F9} = {54D47AD1-20D9-4A44-8B45-2924931E80AF}
		{76721843-1238-4513-90D2-CC5747861512} = {27B65C1D-8103-433F-9255-E560464BCCD8}
		{F6278C9B-F1E0-4643-89D6-B5B43AD985A9} = {27B65C1D-8103-433F-9255-E560464BCCD8}
		{4545BA87-D39D-4B3E-A748-A13BA14A11FB} = {27B65C1D-8103-433F-9255-E560464BCCD8}
	EndGlobalSection
EndGlobal
